
Microsoft Visual Studio Solution File, Format Version 12.00
# Visual Studio 15
VisualStudioVersion = 15.0.28010.2016
MinimumVisualStudioVersion = 10.0.40219.1
Project("{FAE04EC0-301F-11D3-BF4B-00C04F79EFBC}") = "Expense", "Expense\Expense.csproj", "{28353066-E468-4A53-A871-82DB94352072}"
EndProject
Project("{FAE04EC0-301F-11D3-BF4B-00C04F79EFBC}") = "Project", "Project\Project.csproj", "{FDA16129-577E-4BB3-A898-4DDA3E72D9BC}"
EndProject
Project("{FAE04EC0-301F-11D3-BF4B-00C04F79EFBC}") = "User", "User\User.csproj", "{CBC929DB-9876-499E-8DCA-F6ECCA9290E2}"
EndProject
Project("{FAE04EC0-301F-11D3-BF4B-00C04F79EFBC}") = "TestCase", "TestCase\TestCase.csproj", "{7200F6BC-89DC-4685-A8E5-DC347E5B6783}"
EndProject
Global
	GlobalSection(SolutionConfigurationPlatforms) = preSolution
		Ad-Hoc|Any CPU = Ad-Hoc|Any CPU
		Ad-Hoc|iPhone = Ad-Hoc|iPhone
		Ad-Hoc|iPhoneSimulator = Ad-Hoc|iPhoneSimulator
		AppStore|Any CPU = AppStore|Any CPU
		AppStore|iPhone = AppStore|iPhone
		AppStore|iPhoneSimulator = AppStore|iPhoneSimulator
		Debug|Any CPU = Debug|Any CPU
		Debug|iPhone = Debug|iPhone
		Debug|iPhoneSimulator = Debug|iPhoneSimulator
		Release|Any CPU = Release|Any CPU
		Release|iPhone = Release|iPhone
		Release|iPhoneSimulator = Release|iPhoneSimulator
	EndGlobalSection
	GlobalSection(ProjectConfigurationPlatforms) = postSolution
		{28353066-E468-4A53-A871-82DB94352072}.Ad-Hoc|Any CPU.ActiveCfg = Release|Any CPU
		{28353066-E468-4A53-A871-82DB94352072}.Ad-Hoc|Any CPU.Build.0 = Release|Any CPU
		{28353066-E468-4A53-A871-82DB94352072}.Ad-Hoc|iPhone.ActiveCfg = Release|Any CPU
		{28353066-E468-4A53-A871-82DB94352072}.Ad-Hoc|iPhone.Build.0 = Release|Any CPU
		{28353066-E468-4A53-A871-82DB94352072}.Ad-Hoc|iPhoneSimulator.ActiveCfg = Release|Any CPU
		{28353066-E468-4A53-A871-82DB94352072}.Ad-Hoc|iPhoneSimulator.Build.0 = Release|Any CPU
		{28353066-E468-4A53-A871-82DB94352072}.AppStore|Any CPU.ActiveCfg = Release|Any CPU
		{28353066-E468-4A53-A871-82DB94352072}.AppStore|Any CPU.Build.0 = Release|Any CPU
		{28353066-E468-4A53-A871-82DB94352072}.AppStore|iPhone.ActiveCfg = Release|Any CPU
		{28353066-E468-4A53-A871-82DB94352072}.AppStore|iPhone.Build.0 = Release|Any CPU
		{28353066-E468-4A53-A871-82DB94352072}.AppStore|iPhoneSimulator.ActiveCfg = Release|Any CPU
		{28353066-E468-4A53-A871-82DB94352072}.AppStore|iPhoneSimulator.Build.0 = Release|Any CPU
		{28353066-E468-4A53-A871-82DB94352072}.Debug|Any CPU.ActiveCfg = Debug|Any CPU
		{28353066-E468-4A53-A871-82DB94352072}.Debug|Any CPU.Build.0 = Debug|Any CPU
		{28353066-E468-4A53-A871-82DB94352072}.Debug|iPhone.ActiveCfg = Debug|Any CPU
		{28353066-E468-4A53-A871-82DB94352072}.Debug|iPhone.Build.0 = Debug|Any CPU
		{28353066-E468-4A53-A871-82DB94352072}.Debug|iPhoneSimulator.ActiveCfg = Debug|Any CPU
		{28353066-E468-4A53-A871-82DB94352072}.Debug|iPhoneSimulator.Build.0 = Debug|Any CPU
		{28353066-E468-4A53-A871-82DB94352072}.Release|Any CPU.ActiveCfg = Release|Any CPU
		{28353066-E468-4A53-A871-82DB94352072}.Release|Any CPU.Build.0 = Release|Any CPU
		{28353066-E468-4A53-A871-82DB94352072}.Release|iPhone.ActiveCfg = Release|Any CPU
		{28353066-E468-4A53-A871-82DB94352072}.Release|iPhone.Build.0 = Release|Any CPU
		{28353066-E468-4A53-A871-82DB94352072}.Release|iPhoneSimulator.ActiveCfg = Release|Any CPU
		{28353066-E468-4A53-A871-82DB94352072}.Release|iPhoneSimulator.Build.0 = Release|Any CPU
		{FDA16129-577E-4BB3-A898-4DDA3E72D9BC}.Ad-Hoc|Any CPU.ActiveCfg = Release|Any CPU
		{FDA16129-577E-4BB3-A898-4DDA3E72D9BC}.Ad-Hoc|Any CPU.Build.0 = Release|Any CPU
		{FDA16129-577E-4BB3-A898-4DDA3E72D9BC}.Ad-Hoc|iPhone.ActiveCfg = Release|Any CPU
		{FDA16129-577E-4BB3-A898-4DDA3E72D9BC}.Ad-Hoc|iPhone.Build.0 = Release|Any CPU
		{FDA16129-577E-4BB3-A898-4DDA3E72D9BC}.Ad-Hoc|iPhoneSimulator.ActiveCfg = Release|Any CPU
		{FDA16129-577E-4BB3-A898-4DDA3E72D9BC}.Ad-Hoc|iPhoneSimulator.Build.0 = Release|Any CPU
		{FDA16129-577E-4BB3-A898-4DDA3E72D9BC}.AppStore|Any CPU.ActiveCfg = Release|Any CPU
		{FDA16129-577E-4BB3-A898-4DDA3E72D9BC}.AppStore|Any CPU.Build.0 = Release|Any CPU
		{FDA16129-577E-4BB3-A898-4DDA3E72D9BC}.AppStore|iPhone.ActiveCfg = Release|Any CPU
		{FDA16129-577E-4BB3-A898-4DDA3E72D9BC}.AppStore|iPhone.Build.0 = Release|Any CPU
		{FDA16129-577E-4BB3-A898-4DDA3E72D9BC}.AppStore|iPhoneSimulator.ActiveCfg = Release|Any CPU
		{FDA16129-577E-4BB3-A898-4DDA3E72D9BC}.AppStore|iPhoneSimulator.Build.0 = Release|Any CPU
		{FDA16129-577E-4BB3-A898-4DDA3E72D9BC}.Debug|Any CPU.ActiveCfg = Debug|Any CPU
		{FDA16129-577E-4BB3-A898-4DDA3E72D9BC}.Debug|Any CPU.Build.0 = Debug|Any CPU
		{FDA16129-577E-4BB3-A898-4DDA3E72D9BC}.Debug|iPhone.ActiveCfg = Debug|Any CPU
		{FDA16129-577E-4BB3-A898-4DDA3E72D9BC}.Debug|iPhone.Build.0 = Debug|Any CPU
		{FDA16129-577E-4BB3-A898-4DDA3E72D9BC}.Debug|iPhoneSimulator.ActiveCfg = Debug|Any CPU
		{FDA16129-577E-4BB3-A898-4DDA3E72D9BC}.Debug|iPhoneSimulator.Build.0 = Debug|Any CPU
		{FDA16129-577E-4BB3-A898-4DDA3E72D9BC}.Release|Any CPU.ActiveCfg = Release|Any CPU
		{FDA16129-577E-4BB3-A898-4DDA3E72D9BC}.Release|Any CPU.Build.0 = Release|Any CPU
		{FDA16129-577E-4BB3-A898-4DDA3E72D9BC}.Release|iPhone.ActiveCfg = Release|Any CPU
		{FDA16129-577E-4BB3-A898-4DDA3E72D9BC}.Release|iPhone.Build.0 = Release|Any CPU
		{FDA16129-577E-4BB3-A898-4DDA3E72D9BC}.Release|iPhoneSimulator.ActiveCfg = Release|Any CPU
		{FDA16129-577E-4BB3-A898-4DDA3E72D9BC}.Release|iPhoneSimulator.Build.0 = Release|Any CPU
		{CBC929DB-9876-499E-8DCA-F6ECCA9290E2}.Ad-Hoc|Any CPU.ActiveCfg = Release|Any CPU
		{CBC929DB-9876-499E-8DCA-F6ECCA9290E2}.Ad-Hoc|Any CPU.Build.0 = Release|Any CPU
		{CBC929DB-9876-499E-8DCA-F6ECCA9290E2}.Ad-Hoc|iPhone.ActiveCfg = Release|Any CPU
		{CBC929DB-9876-499E-8DCA-F6ECCA9290E2}.Ad-Hoc|iPhone.Build.0 = Release|Any CPU
		{CBC929DB-9876-499E-8DCA-F6ECCA9290E2}.Ad-Hoc|iPhoneSimulator.ActiveCfg = Release|Any CPU
		{CBC929DB-9876-499E-8DCA-F6ECCA9290E2}.Ad-Hoc|iPhoneSimulator.Build.0 = Release|Any CPU
		{CBC929DB-9876-499E-8DCA-F6ECCA9290E2}.AppStore|Any CPU.ActiveCfg = Release|Any CPU
		{CBC929DB-9876-499E-8DCA-F6ECCA9290E2}.AppStore|Any CPU.Build.0 = Release|Any CPU
		{CBC929DB-9876-499E-8DCA-F6ECCA9290E2}.AppStore|iPhone.ActiveCfg = Release|Any CPU
		{CBC929DB-9876-499E-8DCA-F6ECCA9290E2}.AppStore|iPhone.Build.0 = Release|Any CPU
		{CBC929DB-9876-499E-8DCA-F6ECCA9290E2}.AppStore|iPhoneSimulator.ActiveCfg = Release|Any CPU
		{CBC929DB-9876-499E-8DCA-F6ECCA9290E2}.AppStore|iPhoneSimulator.Build.0 = Release|Any CPU
		{CBC929DB-9876-499E-8DCA-F6ECCA9290E2}.Debug|Any CPU.ActiveCfg = Debug|Any CPU
		{CBC929DB-9876-499E-8DCA-F6ECCA9290E2}.Debug|Any CPU.Build.0 = Debug|Any CPU
		{CBC929DB-9876-499E-8DCA-F6ECCA9290E2}.Debug|iPhone.ActiveCfg = Debug|Any CPU
		{CBC929DB-9876-499E-8DCA-F6ECCA9290E2}.Debug|iPhone.Build.0 = Debug|Any CPU
		{CBC929DB-9876-499E-8DCA-F6ECCA9290E2}.Debug|iPhoneSimulator.ActiveCfg = Debug|Any CPU
		{CBC929DB-9876-499E-8DCA-F6ECCA9290E2}.Debug|iPhoneSimulator.Build.0 = Debug|Any CPU
		{CBC929DB-9876-499E-8DCA-F6ECCA9290E2}.Release|Any CPU.ActiveCfg = Release|Any CPU
		{CBC929DB-9876-499E-8DCA-F6ECCA9290E2}.Release|Any CPU.Build.0 = Release|Any CPU
		{CBC929DB-9876-499E-8DCA-F6ECCA9290E2}.Release|iPhone.ActiveCfg = Release|Any CPU
		{CBC929DB-9876-499E-8DCA-F6ECCA9290E2}.Release|iPhone.Build.0 = Release|Any CPU
		{CBC929DB-9876-499E-8DCA-F6ECCA9290E2}.Release|iPhoneSimulator.ActiveCfg = Release|Any CPU
		{CBC929DB-9876-499E-8DCA-F6ECCA9290E2}.Release|iPhoneSimulator.Build.0 = Release|Any CPU
		{7200F6BC-89DC-4685-A8E5-DC347E5B6783}.Ad-Hoc|Any CPU.ActiveCfg = Release|Any CPU
		{7200F6BC-89DC-4685-A8E5-DC347E5B6783}.Ad-Hoc|Any CPU.Build.0 = Release|Any CPU
		{7200F6BC-89DC-4685-A8E5-DC347E5B6783}.Ad-Hoc|iPhone.ActiveCfg = Release|Any CPU
		{7200F6BC-89DC-4685-A8E5-DC347E5B6783}.Ad-Hoc|iPhone.Build.0 = Release|Any CPU
		{7200F6BC-89DC-4685-A8E5-DC347E5B6783}.Ad-Hoc|iPhoneSimulator.ActiveCfg = Release|Any CPU
		{7200F6BC-89DC-4685-A8E5-DC347E5B6783}.Ad-Hoc|iPhoneSimulator.Build.0 = Release|Any CPU
		{7200F6BC-89DC-4685-A8E5-DC347E5B6783}.AppStore|Any CPU.ActiveCfg = Release|Any CPU
		{7200F6BC-89DC-4685-A8E5-DC347E5B6783}.AppStore|Any CPU.Build.0 = Release|Any CPU
		{7200F6BC-89DC-4685-A8E5-DC347E5B6783}.AppStore|iPhone.ActiveCfg = Release|Any CPU
		{7200F6BC-89DC-4685-A8E5-DC347E5B6783}.AppStore|iPhone.Build.0 = Release|Any CPU
		{7200F6BC-89DC-4685-A8E5-DC347E5B6783}.AppStore|iPhoneSimulator.ActiveCfg = Release|Any CPU
		{7200F6BC-89DC-4685-A8E5-DC347E5B6783}.AppStore|iPhoneSimulator.Build.0 = Release|Any CPU
		{7200F6BC-89DC-4685-A8E5-DC347E5B6783}.Debug|Any CPU.ActiveCfg = Debug|Any CPU
		{7200F6BC-89DC-4685-A8E5-DC347E5B6783}.Debug|Any CPU.Build.0 = Debug|Any CPU
		{7200F6BC-89DC-4685-A8E5-DC347E5B6783}.Debug|iPhone.ActiveCfg = Debug|Any CPU
		{7200F6BC-89DC-4685-A8E5-DC347E5B6783}.Debug|iPhone.Build.0 = Debug|Any CPU
		{7200F6BC-89DC-4685-A8E5-DC347E5B6783}.Debug|iPhoneSimulator.ActiveCfg = Debug|Any CPU
		{7200F6BC-89DC-4685-A8E5-DC347E5B6783}.Debug|iPhoneSimulator.Build.0 = Debug|Any CPU
		{7200F6BC-89DC-4685-A8E5-DC347E5B6783}.Release|Any CPU.ActiveCfg = Release|Any CPU
		{7200F6BC-89DC-4685-A8E5-DC347E5B6783}.Release|Any CPU.Build.0 = Release|Any CPU
		{7200F6BC-89DC-4685-A8E5-DC347E5B6783}.Release|iPhone.ActiveCfg = Release|Any CPU
		{7200F6BC-89DC-4685-A8E5-DC347E5B6783}.Release|iPhone.Build.0 = Release|Any CPU
		{7200F6BC-89DC-4685-A8E5-DC347E5B6783}.Release|iPhoneSimulator.ActiveCfg = Release|Any CPU
		{7200F6BC-89DC-4685-A8E5-DC347E5B6783}.Release|iPhoneSimulator.Build.0 = Release|Any CPU
	EndGlobalSection
	GlobalSection(SolutionProperties) = preSolution
		HideSolutionNode = FALSE
	EndGlobalSection
	GlobalSection(ExtensibilityGlobals) = postSolution
		SolutionGuid = {D3DB6ECB-0EF3-4287-8918-6B6337E948CF}
	EndGlobalSection
EndGlobal
